
Microsoft Visual Studio Solution File, Format Version 12.00
# Visual Studio Version 16
VisualStudioVersion = 16.0.30717.126
MinimumVisualStudioVersion = 10.0.40219.1
Project("{9A19103F-16F7-4668-BE54-9A1E7A4F7556}") = "FastContacts.Api", "src\FastContacts.Api\FastContacts.Api.csproj", "{A9F9B0AC-4BC0-4FBA-8CCD-7AD8C886E43E}"
EndProject
Project("{9A19103F-16F7-4668-BE54-9A1E7A4F7556}") = "FastContacts.Domain", "src\FastContatcs.Domain\FastContacts.Domain.csproj", "{0E061A5A-B635-4EBF-BC82-55BB8DE3FDE5}"
EndProject
Project("{FAE04EC0-301F-11D3-BF4B-00C04F79EFBC}") = "FastContacts.Data", "src\FastContacts.Data\FastContacts.Data.csproj", "{81AC0F3F-9A33-4738-B808-FD66AF166E2A}"
EndProject
Global
	GlobalSection(SolutionConfigurationPlatforms) = preSolution
		Debug|Any CPU = Debug|Any CPU
		Release|Any CPU = Release|Any CPU
	EndGlobalSection
	GlobalSection(ProjectConfigurationPlatforms) = postSolution
		{A9F9B0AC-4BC0-4FBA-8CCD-7AD8C886E43E}.Debug|Any CPU.ActiveCfg = Debug|Any CPU
		{A9F9B0AC-4BC0-4FBA-8CCD-7AD8C886E43E}.Debug|Any CPU.Build.0 = Debug|Any CPU
		{A9F9B0AC-4BC0-4FBA-8CCD-7AD8C886E43E}.Release|Any CPU.ActiveCfg = Release|Any CPU
		{A9F9B0AC-4BC0-4FBA-8CCD-7AD8C886E43E}.Release|Any CPU.Build.0 = Release|Any CPU
		{0E061A5A-B635-4EBF-BC82-55BB8DE3FDE5}.Debug|Any CPU.ActiveCfg = Debug|Any CPU
		{0E061A5A-B635-4EBF-BC82-55BB8DE3FDE5}.Debug|Any CPU.Build.0 = Debug|Any CPU
		{0E061A5A-B635-4EBF-BC82-55BB8DE3FDE5}.Release|Any CPU.ActiveCfg = Release|Any CPU
		{0E061A5A-B635-4EBF-BC82-55BB8DE3FDE5}.Release|Any CPU.Build.0 = Release|Any CPU
		{81AC0F3F-9A33-4738-B808-FD66AF166E2A}.Debug|Any CPU.ActiveCfg = Debug|Any CPU
		{81AC0F3F-9A33-4738-B808-FD66AF166E2A}.Debug|Any CPU.Build.0 = Debug|Any CPU
		{81AC0F3F-9A33-4738-B808-FD66AF166E2A}.Release|Any CPU.ActiveCfg = Release|Any CPU
		{81AC0F3F-9A33-4738-B808-FD66AF166E2A}.Release|Any CPU.Build.0 = Release|Any CPU
	EndGlobalSection
	GlobalSection(SolutionProperties) = preSolution
		HideSolutionNode = FALSE
	EndGlobalSection
	GlobalSection(ExtensibilityGlobals) = postSolution
		SolutionGuid = {7D57600E-9275-49F2-A4AC-DACAFE8D9DC8}
	EndGlobalSection
EndGlobal
